
Microsoft Visual Studio Solution File, Format Version 12.00
# Visual Studio Version 17
VisualStudioVersion = 17.0.31903.59
MinimumVisualStudioVersion = 10.0.40219.1
Project("{FAE04EC0-301F-11D3-BF4B-00C04F79EFBC}") = "TcHmiCSharpBridge.Shared", "TcHmiCSharpBridge.Shared\TcHmiCSharpBridge.Shared.csproj", "{92A6705F-63C0-49A7-B42C-352BE42267E9}"
EndProject
Project("{FAE04EC0-301F-11D3-BF4B-00C04F79EFBC}") = "TcHmiCSharpBridge.Ui", "TcHmiCSharpBridge.Ui\TcHmiCSharpBridge.Ui.csproj", "{FA693C16-2992-4E31-84C9-311E4FC9B95D}"
EndProject
Global
	GlobalSection(SolutionConfigurationPlatforms) = preSolution
		Debug|Any CPU = Debug|Any CPU
		Debug|x64 = Debug|x64
		Debug|x86 = Debug|x86
		Release|Any CPU = Release|Any CPU
		Release|x64 = Release|x64
		Release|x86 = Release|x86
	EndGlobalSection
	GlobalSection(ProjectConfigurationPlatforms) = postSolution
		{92A6705F-63C0-49A7-B42C-352BE42267E9}.Debug|Any CPU.ActiveCfg = Debug|Any CPU
		{92A6705F-63C0-49A7-B42C-352BE42267E9}.Debug|Any CPU.Build.0 = Debug|Any CPU
		{92A6705F-63C0-49A7-B42C-352BE42267E9}.Debug|x64.ActiveCfg = Debug|Any CPU
		{92A6705F-63C0-49A7-B42C-352BE42267E9}.Debug|x64.Build.0 = Debug|Any CPU
		{92A6705F-63C0-49A7-B42C-352BE42267E9}.Debug|x86.ActiveCfg = Debug|Any CPU
		{92A6705F-63C0-49A7-B42C-352BE42267E9}.Debug|x86.Build.0 = Debug|Any CPU
		{92A6705F-63C0-49A7-B42C-352BE42267E9}.Release|Any CPU.ActiveCfg = Release|Any CPU
		{92A6705F-63C0-49A7-B42C-352BE42267E9}.Release|Any CPU.Build.0 = Release|Any CPU
		{92A6705F-63C0-49A7-B42C-352BE42267E9}.Release|x64.ActiveCfg = Release|Any CPU
		{92A6705F-63C0-49A7-B42C-352BE42267E9}.Release|x64.Build.0 = Release|Any CPU
		{92A6705F-63C0-49A7-B42C-352BE42267E9}.Release|x86.ActiveCfg = Release|Any CPU
		{92A6705F-63C0-49A7-B42C-352BE42267E9}.Release|x86.Build.0 = Release|Any CPU
		{FA693C16-2992-4E31-84C9-311E4FC9B95D}.Debug|Any CPU.ActiveCfg = Debug|Any CPU
		{FA693C16-2992-4E31-84C9-311E4FC9B95D}.Debug|Any CPU.Build.0 = Debug|Any CPU
		{FA693C16-2992-4E31-84C9-311E4FC9B95D}.Debug|x64.ActiveCfg = Debug|Any CPU
		{FA693C16-2992-4E31-84C9-311E4FC9B95D}.Debug|x64.Build.0 = Debug|Any CPU
		{FA693C16-2992-4E31-84C9-311E4FC9B95D}.Debug|x86.ActiveCfg = Debug|Any CPU
		{FA693C16-2992-4E31-84C9-311E4FC9B95D}.Debug|x86.Build.0 = Debug|Any CPU
		{FA693C16-2992-4E31-84C9-311E4FC9B95D}.Release|Any CPU.ActiveCfg = Release|Any CPU
		{FA693C16-2992-4E31-84C9-311E4FC9B95D}.Release|Any CPU.Build.0 = Release|Any CPU
		{FA693C16-2992-4E31-84C9-311E4FC9B95D}.Release|x64.ActiveCfg = Release|Any CPU
		{FA693C16-2992-4E31-84C9-311E4FC9B95D}.Release|x64.Build.0 = Release|Any CPU
		{FA693C16-2992-4E31-84C9-311E4FC9B95D}.Release|x86.ActiveCfg = Release|Any CPU
		{FA693C16-2992-4E31-84C9-311E4FC9B95D}.Release|x86.Build.0 = Release|Any CPU
	EndGlobalSection
	GlobalSection(SolutionProperties) = preSolution
		HideSolutionNode = FALSE
	EndGlobalSection
EndGlobal
