
Microsoft Visual Studio Solution File, Format Version 12.00
# Visual Studio Version 17
VisualStudioVersion = 17.14.36717.8
MinimumVisualStudioVersion = 10.0.40219.1
Project("{B1E792BE-AA5F-4E3C-8C82-674BF9C0715B}") = "TwinCAT Project2", "TwinCAT Project2\TwinCAT Project2.tsproj", "{AB606660-D1B0-C40A-2519-3EF6D35EC1C5}"
EndProject
Project("{FE7A1B72-C5B7-4D7C-BB7D-76384D4DE8E1}") = "TcHMI", "TcHMI\TcHMI.hmiproj", "{6BD8A9C0-FA2D-45B9-B341-DC19ED70D341}"
EndProject
Project("{FAE04EC0-301F-11D3-BF4B-00C04F79EFBC}") = "TcHmiCSharpBridge", "TcHmiCSharpBridge\TcHmiCSharpBridge.csproj", "{1F423059-B799-4E15-870A-63E9B5DBDBAA}"
EndProject
Project("{FAE04EC0-301F-11D3-BF4B-00C04F79EFBC}") = "TcHmiCSharpBridge.Shared", "TcHmiCSharpBridge.Shared\TcHmiCSharpBridge.Shared.csproj", "{9E3DBCBA-7B84-449C-80D6-61686C60B9CB}"
EndProject
Project("{FAE04EC0-301F-11D3-BF4B-00C04F79EFBC}") = "TcHmiCSharpBridge.Ui", "TcHmiCSharpBridge.Ui\TcHmiCSharpBridge.Ui.csproj", "{453C617F-E6C7-471D-8E9B-DEC72FD423D9}"
EndProject
Global
	GlobalSection(SolutionConfigurationPlatforms) = preSolution
		Debug|Any CPU = Debug|Any CPU
		Debug|TwinCAT HMI = Debug|TwinCAT HMI
		Debug|TwinCAT OS (ARMV7-A) = Debug|TwinCAT OS (ARMV7-A)
		Debug|TwinCAT OS (ARMV7-M) = Debug|TwinCAT OS (ARMV7-M)
		Debug|TwinCAT OS (ARMV8-A) = Debug|TwinCAT OS (ARMV8-A)
		Debug|TwinCAT OS (x64) = Debug|TwinCAT OS (x64)
		Debug|TwinCAT OS (x64-E) = Debug|TwinCAT OS (x64-E)
		Debug|TwinCAT RT (x64) = Debug|TwinCAT RT (x64)
		Debug|TwinCAT RT (x86) = Debug|TwinCAT RT (x86)
		Debug|x64 = Debug|x64
		Debug|x86 = Debug|x86
		Release|Any CPU = Release|Any CPU
		Release|TwinCAT HMI = Release|TwinCAT HMI
		Release|TwinCAT OS (ARMV7-A) = Release|TwinCAT OS (ARMV7-A)
		Release|TwinCAT OS (ARMV7-M) = Release|TwinCAT OS (ARMV7-M)
		Release|TwinCAT OS (ARMV8-A) = Release|TwinCAT OS (ARMV8-A)
		Release|TwinCAT OS (x64) = Release|TwinCAT OS (x64)
		Release|TwinCAT OS (x64-E) = Release|TwinCAT OS (x64-E)
		Release|TwinCAT RT (x64) = Release|TwinCAT RT (x64)
		Release|TwinCAT RT (x86) = Release|TwinCAT RT (x86)
		Release|x64 = Release|x64
		Release|x86 = Release|x86
	EndGlobalSection
	GlobalSection(ProjectConfigurationPlatforms) = postSolution
		{AB606660-D1B0-C40A-2519-3EF6D35EC1C5}.Debug|Any CPU.ActiveCfg = Debug|Any CPU
		{AB606660-D1B0-C40A-2519-3EF6D35EC1C5}.Debug|Any CPU.Build.0 = Debug|Any CPU
		{AB606660-D1B0-C40A-2519-3EF6D35EC1C5}.Debug|TwinCAT HMI.ActiveCfg = Debug|TwinCAT RT (x64)
		{AB606660-D1B0-C40A-2519-3EF6D35EC1C5}.Debug|TwinCAT HMI.Build.0 = Debug|TwinCAT RT (x64)
		{AB606660-D1B0-C40A-2519-3EF6D35EC1C5}.Debug|TwinCAT OS (ARMV7-A).ActiveCfg = Debug|TwinCAT OS (ARMV7-A)
		{AB606660-D1B0-C40A-2519-3EF6D35EC1C5}.Debug|TwinCAT OS (ARMV7-A).Build.0 = Debug|TwinCAT OS (ARMV7-A)
		{AB606660-D1B0-C40A-2519-3EF6D35EC1C5}.Debug|TwinCAT OS (ARMV7-M).ActiveCfg = Debug|TwinCAT OS (ARMV7-M)
		{AB606660-D1B0-C40A-2519-3EF6D35EC1C5}.Debug|TwinCAT OS (ARMV7-M).Build.0 = Debug|TwinCAT OS (ARMV7-M)
		{AB606660-D1B0-C40A-2519-3EF6D35EC1C5}.Debug|TwinCAT OS (ARMV8-A).ActiveCfg = Debug|TwinCAT OS (ARMV8-A)
		{AB606660-D1B0-C40A-2519-3EF6D35EC1C5}.Debug|TwinCAT OS (ARMV8-A).Build.0 = Debug|TwinCAT OS (ARMV8-A)
		{AB606660-D1B0-C40A-2519-3EF6D35EC1C5}.Debug|TwinCAT OS (x64).ActiveCfg = Debug|TwinCAT OS (x64)
		{AB606660-D1B0-C40A-2519-3EF6D35EC1C5}.Debug|TwinCAT OS (x64).Build.0 = Debug|TwinCAT OS (x64)
		{AB606660-D1B0-C40A-2519-3EF6D35EC1C5}.Debug|TwinCAT OS (x64-E).ActiveCfg = Debug|TwinCAT OS (x64-E)
		{AB606660-D1B0-C40A-2519-3EF6D35EC1C5}.Debug|TwinCAT OS (x64-E).Build.0 = Debug|TwinCAT OS (x64-E)
		{AB606660-D1B0-C40A-2519-3EF6D35EC1C5}.Debug|TwinCAT RT (x64).ActiveCfg = Debug|TwinCAT RT (x64)
		{AB606660-D1B0-C40A-2519-3EF6D35EC1C5}.Debug|TwinCAT RT (x64).Build.0 = Debug|TwinCAT RT (x64)
		{AB606660-D1B0-C40A-2519-3EF6D35EC1C5}.Debug|TwinCAT RT (x86).ActiveCfg = Debug|TwinCAT RT (x86)
		{AB606660-D1B0-C40A-2519-3EF6D35EC1C5}.Debug|TwinCAT RT (x86).Build.0 = Debug|TwinCAT RT (x86)
		{AB606660-D1B0-C40A-2519-3EF6D35EC1C5}.Debug|x64.ActiveCfg = Debug|x64
		{AB606660-D1B0-C40A-2519-3EF6D35EC1C5}.Debug|x64.Build.0 = Debug|x64
		{AB606660-D1B0-C40A-2519-3EF6D35EC1C5}.Debug|x86.ActiveCfg = Debug|x86
		{AB606660-D1B0-C40A-2519-3EF6D35EC1C5}.Debug|x86.Build.0 = Debug|x86
		{AB606660-D1B0-C40A-2519-3EF6D35EC1C5}.Release|Any CPU.ActiveCfg = Release|Any CPU
		{AB606660-D1B0-C40A-2519-3EF6D35EC1C5}.Release|Any CPU.Build.0 = Release|Any CPU
		{AB606660-D1B0-C40A-2519-3EF6D35EC1C5}.Release|TwinCAT HMI.ActiveCfg = Release|TwinCAT RT (x64)
		{AB606660-D1B0-C40A-2519-3EF6D35EC1C5}.Release|TwinCAT HMI.Build.0 = Release|TwinCAT RT (x64)
		{AB606660-D1B0-C40A-2519-3EF6D35EC1C5}.Release|TwinCAT OS (ARMV7-A).ActiveCfg = Release|TwinCAT OS (ARMV7-A)
		{AB606660-D1B0-C40A-2519-3EF6D35EC1C5}.Release|TwinCAT OS (ARMV7-A).Build.0 = Release|TwinCAT OS (ARMV7-A)
		{AB606660-D1B0-C40A-2519-3EF6D35EC1C5}.Release|TwinCAT OS (ARMV7-M).ActiveCfg = Release|TwinCAT OS (ARMV7-M)
		{AB606660-D1B0-C40A-2519-3EF6D35EC1C5}.Release|TwinCAT OS (ARMV7-M).Build.0 = Release|TwinCAT OS (ARMV7-M)
		{AB606660-D1B0-C40A-2519-3EF6D35EC1C5}.Release|TwinCAT OS (ARMV8-A).ActiveCfg = Release|TwinCAT OS (ARMV8-A)
		{AB606660-D1B0-C40A-2519-3EF6D35EC1C5}.Release|TwinCAT OS (ARMV8-A).Build.0 = Release|TwinCAT OS (ARMV8-A)
		{AB606660-D1B0-C40A-2519-3EF6D35EC1C5}.Release|TwinCAT OS (x64).ActiveCfg = Release|TwinCAT OS (x64)
		{AB606660-D1B0-C40A-2519-3EF6D35EC1C5}.Release|TwinCAT OS (x64).Build.0 = Release|TwinCAT OS (x64)
		{AB606660-D1B0-C40A-2519-3EF6D35EC1C5}.Release|TwinCAT OS (x64-E).ActiveCfg = Release|TwinCAT OS (x64-E)
		{AB606660-D1B0-C40A-2519-3EF6D35EC1C5}.Release|TwinCAT OS (x64-E).Build.0 = Release|TwinCAT OS (x64-E)
		{AB606660-D1B0-C40A-2519-3EF6D35EC1C5}.Release|TwinCAT RT (x64).ActiveCfg = Release|TwinCAT RT (x64)
		{AB606660-D1B0-C40A-2519-3EF6D35EC1C5}.Release|TwinCAT RT (x64).Build.0 = Release|TwinCAT RT (x64)
		{AB606660-D1B0-C40A-2519-3EF6D35EC1C5}.Release|TwinCAT RT (x86).ActiveCfg = Release|TwinCAT RT (x86)
		{AB606660-D1B0-C40A-2519-3EF6D35EC1C5}.Release|TwinCAT RT (x86).Build.0 = Release|TwinCAT RT (x86)
		{AB606660-D1B0-C40A-2519-3EF6D35EC1C5}.Release|x64.ActiveCfg = Release|x64
		{AB606660-D1B0-C40A-2519-3EF6D35EC1C5}.Release|x64.Build.0 = Release|x64
		{AB606660-D1B0-C40A-2519-3EF6D35EC1C5}.Release|x86.ActiveCfg = Release|x86
		{AB606660-D1B0-C40A-2519-3EF6D35EC1C5}.Release|x86.Build.0 = Release|x86
		{6BD8A9C0-FA2D-45B9-B341-DC19ED70D341}.Debug|Any CPU.ActiveCfg = Debug|Any CPU
		{6BD8A9C0-FA2D-45B9-B341-DC19ED70D341}.Debug|Any CPU.Build.0 = Debug|Any CPU
		{6BD8A9C0-FA2D-45B9-B341-DC19ED70D341}.Debug|TwinCAT HMI.ActiveCfg = Debug|TwinCAT HMI
		{6BD8A9C0-FA2D-45B9-B341-DC19ED70D341}.Debug|TwinCAT HMI.Build.0 = Debug|TwinCAT HMI
		{6BD8A9C0-FA2D-45B9-B341-DC19ED70D341}.Debug|TwinCAT OS (ARMV7-A).ActiveCfg = Debug|TwinCAT HMI
		{6BD8A9C0-FA2D-45B9-B341-DC19ED70D341}.Debug|TwinCAT OS (ARMV7-A).Build.0 = Debug|TwinCAT HMI
		{6BD8A9C0-FA2D-45B9-B341-DC19ED70D341}.Debug|TwinCAT OS (ARMV7-M).ActiveCfg = Debug|TwinCAT HMI
		{6BD8A9C0-FA2D-45B9-B341-DC19ED70D341}.Debug|TwinCAT OS (ARMV7-M).Build.0 = Debug|TwinCAT HMI
		{6BD8A9C0-FA2D-45B9-B341-DC19ED70D341}.Debug|TwinCAT OS (ARMV8-A).ActiveCfg = Debug|TwinCAT HMI
		{6BD8A9C0-FA2D-45B9-B341-DC19ED70D341}.Debug|TwinCAT OS (ARMV8-A).Build.0 = Debug|TwinCAT HMI
		{6BD8A9C0-FA2D-45B9-B341-DC19ED70D341}.Debug|TwinCAT OS (x64).ActiveCfg = Debug|TwinCAT HMI
		{6BD8A9C0-FA2D-45B9-B341-DC19ED70D341}.Debug|TwinCAT OS (x64).Build.0 = Debug|TwinCAT HMI
		{6BD8A9C0-FA2D-45B9-B341-DC19ED70D341}.Debug|TwinCAT OS (x64-E).ActiveCfg = Debug|TwinCAT HMI
		{6BD8A9C0-FA2D-45B9-B341-DC19ED70D341}.Debug|TwinCAT OS (x64-E).Build.0 = Debug|TwinCAT HMI
		{6BD8A9C0-FA2D-45B9-B341-DC19ED70D341}.Debug|TwinCAT RT (x64).ActiveCfg = Debug|TwinCAT HMI
		{6BD8A9C0-FA2D-45B9-B341-DC19ED70D341}.Debug|TwinCAT RT (x64).Build.0 = Debug|TwinCAT HMI
		{6BD8A9C0-FA2D-45B9-B341-DC19ED70D341}.Debug|TwinCAT RT (x86).ActiveCfg = Debug|TwinCAT HMI
		{6BD8A9C0-FA2D-45B9-B341-DC19ED70D341}.Debug|TwinCAT RT (x86).Build.0 = Debug|TwinCAT HMI
		{6BD8A9C0-FA2D-45B9-B341-DC19ED70D341}.Debug|x64.ActiveCfg = Debug|x64
		{6BD8A9C0-FA2D-45B9-B341-DC19ED70D341}.Debug|x64.Build.0 = Debug|x64
		{6BD8A9C0-FA2D-45B9-B341-DC19ED70D341}.Debug|x86.ActiveCfg = Debug|x86
		{6BD8A9C0-FA2D-45B9-B341-DC19ED70D341}.Debug|x86.Build.0 = Debug|x86
		{6BD8A9C0-FA2D-45B9-B341-DC19ED70D341}.Release|Any CPU.ActiveCfg = Release|Any CPU
		{6BD8A9C0-FA2D-45B9-B341-DC19ED70D341}.Release|Any CPU.Build.0 = Release|Any CPU
		{6BD8A9C0-FA2D-45B9-B341-DC19ED70D341}.Release|TwinCAT HMI.ActiveCfg = Release|TwinCAT HMI
		{6BD8A9C0-FA2D-45B9-B341-DC19ED70D341}.Release|TwinCAT HMI.Build.0 = Release|TwinCAT HMI
		{6BD8A9C0-FA2D-45B9-B341-DC19ED70D341}.Release|TwinCAT OS (ARMV7-A).ActiveCfg = Release|TwinCAT HMI
		{6BD8A9C0-FA2D-45B9-B341-DC19ED70D341}.Release|TwinCAT OS (ARMV7-A).Build.0 = Release|TwinCAT HMI
		{6BD8A9C0-FA2D-45B9-B341-DC19ED70D341}.Release|TwinCAT OS (ARMV7-M).ActiveCfg = Release|TwinCAT HMI
		{6BD8A9C0-FA2D-45B9-B341-DC19ED70D341}.Release|TwinCAT OS (ARMV7-M).Build.0 = Release|TwinCAT HMI
		{6BD8A9C0-FA2D-45B9-B341-DC19ED70D341}.Release|TwinCAT OS (ARMV8-A).ActiveCfg = Release|TwinCAT HMI
		{6BD8A9C0-FA2D-45B9-B341-DC19ED70D341}.Release|TwinCAT OS (ARMV8-A).Build.0 = Release|TwinCAT HMI
		{6BD8A9C0-FA2D-45B9-B341-DC19ED70D341}.Release|TwinCAT OS (x64).ActiveCfg = Release|TwinCAT HMI
		{6BD8A9C0-FA2D-45B9-B341-DC19ED70D341}.Release|TwinCAT OS (x64).Build.0 = Release|TwinCAT HMI
		{6BD8A9C0-FA2D-45B9-B341-DC19ED70D341}.Release|TwinCAT OS (x64-E).ActiveCfg = Release|TwinCAT HMI
		{6BD8A9C0-FA2D-45B9-B341-DC19ED70D341}.Release|TwinCAT OS (x64-E).Build.0 = Release|TwinCAT HMI
		{6BD8A9C0-FA2D-45B9-B341-DC19ED70D341}.Release|TwinCAT RT (x64).ActiveCfg = Release|TwinCAT HMI
		{6BD8A9C0-FA2D-45B9-B341-DC19ED70D341}.Release|TwinCAT RT (x64).Build.0 = Release|TwinCAT HMI
		{6BD8A9C0-FA2D-45B9-B341-DC19ED70D341}.Release|TwinCAT RT (x86).ActiveCfg = Release|TwinCAT HMI
		{6BD8A9C0-FA2D-45B9-B341-DC19ED70D341}.Release|TwinCAT RT (x86).Build.0 = Release|TwinCAT HMI
		{6BD8A9C0-FA2D-45B9-B341-DC19ED70D341}.Release|x64.ActiveCfg = Release|x64
		{6BD8A9C0-FA2D-45B9-B341-DC19ED70D341}.Release|x64.Build.0 = Release|x64
		{6BD8A9C0-FA2D-45B9-B341-DC19ED70D341}.Release|x86.ActiveCfg = Release|x86
		{6BD8A9C0-FA2D-45B9-B341-DC19ED70D341}.Release|x86.Build.0 = Release|x86
		{1F423059-B799-4E15-870A-63E9B5DBDBAA}.Debug|Any CPU.ActiveCfg = Debug|Any CPU
		{1F423059-B799-4E15-870A-63E9B5DBDBAA}.Debug|Any CPU.Build.0 = Debug|Any CPU
		{1F423059-B799-4E15-870A-63E9B5DBDBAA}.Debug|TwinCAT HMI.ActiveCfg = Debug|Any CPU
		{1F423059-B799-4E15-870A-63E9B5DBDBAA}.Debug|TwinCAT HMI.Build.0 = Debug|Any CPU
		{1F423059-B799-4E15-870A-63E9B5DBDBAA}.Debug|TwinCAT OS (ARMV7-A).ActiveCfg = Debug|Any CPU
		{1F423059-B799-4E15-870A-63E9B5DBDBAA}.Debug|TwinCAT OS (ARMV7-A).Build.0 = Debug|Any CPU
		{1F423059-B799-4E15-870A-63E9B5DBDBAA}.Debug|TwinCAT OS (ARMV7-M).ActiveCfg = Debug|Any CPU
		{1F423059-B799-4E15-870A-63E9B5DBDBAA}.Debug|TwinCAT OS (ARMV7-M).Build.0 = Debug|Any CPU
		{1F423059-B799-4E15-870A-63E9B5DBDBAA}.Debug|TwinCAT OS (ARMV8-A).ActiveCfg = Debug|Any CPU
		{1F423059-B799-4E15-870A-63E9B5DBDBAA}.Debug|TwinCAT OS (ARMV8-A).Build.0 = Debug|Any CPU
		{1F423059-B799-4E15-870A-63E9B5DBDBAA}.Debug|TwinCAT OS (x64).ActiveCfg = Debug|Any CPU
		{1F423059-B799-4E15-870A-63E9B5DBDBAA}.Debug|TwinCAT OS (x64).Build.0 = Debug|Any CPU
		{1F423059-B799-4E15-870A-63E9B5DBDBAA}.Debug|TwinCAT OS (x64-E).ActiveCfg = Debug|Any CPU
		{1F423059-B799-4E15-870A-63E9B5DBDBAA}.Debug|TwinCAT OS (x64-E).Build.0 = Debug|Any CPU
		{1F423059-B799-4E15-870A-63E9B5DBDBAA}.Debug|TwinCAT RT (x64).ActiveCfg = Debug|Any CPU
		{1F423059-B799-4E15-870A-63E9B5DBDBAA}.Debug|TwinCAT RT (x64).Build.0 = Debug|Any CPU
		{1F423059-B799-4E15-870A-63E9B5DBDBAA}.Debug|TwinCAT RT (x86).ActiveCfg = Debug|Any CPU
		{1F423059-B799-4E15-870A-63E9B5DBDBAA}.Debug|TwinCAT RT (x86).Build.0 = Debug|Any CPU
		{1F423059-B799-4E15-870A-63E9B5DBDBAA}.Debug|x64.ActiveCfg = Debug|Any CPU
		{1F423059-B799-4E15-870A-63E9B5DBDBAA}.Debug|x64.Build.0 = Debug|Any CPU
		{1F423059-B799-4E15-870A-63E9B5DBDBAA}.Debug|x86.ActiveCfg = Debug|Any CPU
		{1F423059-B799-4E15-870A-63E9B5DBDBAA}.Debug|x86.Build.0 = Debug|Any CPU
		{1F423059-B799-4E15-870A-63E9B5DBDBAA}.Release|Any CPU.ActiveCfg = Release|Any CPU
		{1F423059-B799-4E15-870A-63E9B5DBDBAA}.Release|Any CPU.Build.0 = Release|Any CPU
		{1F423059-B799-4E15-870A-63E9B5DBDBAA}.Release|TwinCAT HMI.ActiveCfg = Release|Any CPU
		{1F423059-B799-4E15-870A-63E9B5DBDBAA}.Release|TwinCAT HMI.Build.0 = Release|Any CPU
		{1F423059-B799-4E15-870A-63E9B5DBDBAA}.Release|TwinCAT OS (ARMV7-A).ActiveCfg = Release|Any CPU
		{1F423059-B799-4E15-870A-63E9B5DBDBAA}.Release|TwinCAT OS (ARMV7-A).Build.0 = Release|Any CPU
		{1F423059-B799-4E15-870A-63E9B5DBDBAA}.Release|TwinCAT OS (ARMV7-M).ActiveCfg = Release|Any CPU
		{1F423059-B799-4E15-870A-63E9B5DBDBAA}.Release|TwinCAT OS (ARMV7-M).Build.0 = Release|Any CPU
		{1F423059-B799-4E15-870A-63E9B5DBDBAA}.Release|TwinCAT OS (ARMV8-A).ActiveCfg = Release|Any CPU
		{1F423059-B799-4E15-870A-63E9B5DBDBAA}.Release|TwinCAT OS (ARMV8-A).Build.0 = Release|Any CPU
		{1F423059-B799-4E15-870A-63E9B5DBDBAA}.Release|TwinCAT OS (x64).ActiveCfg = Release|Any CPU
		{1F423059-B799-4E15-870A-63E9B5DBDBAA}.Release|TwinCAT OS (x64).Build.0 = Release|Any CPU
		{1F423059-B799-4E15-870A-63E9B5DBDBAA}.Release|TwinCAT OS (x64-E).ActiveCfg = Release|Any CPU
		{1F423059-B799-4E15-870A-63E9B5DBDBAA}.Release|TwinCAT OS (x64-E).Build.0 = Release|Any CPU
		{1F423059-B799-4E15-870A-63E9B5DBDBAA}.Release|TwinCAT RT (x64).ActiveCfg = Release|Any CPU
		{1F423059-B799-4E15-870A-63E9B5DBDBAA}.Release|TwinCAT RT (x64).Build.0 = Release|Any CPU
		{1F423059-B799-4E15-870A-63E9B5DBDBAA}.Release|TwinCAT RT (x86).ActiveCfg = Release|Any CPU
		{1F423059-B799-4E15-870A-63E9B5DBDBAA}.Release|TwinCAT RT (x86).Build.0 = Release|Any CPU
		{1F423059-B799-4E15-870A-63E9B5DBDBAA}.Release|x64.ActiveCfg = Release|Any CPU
		{1F423059-B799-4E15-870A-63E9B5DBDBAA}.Release|x64.Build.0 = Release|Any CPU
		{1F423059-B799-4E15-870A-63E9B5DBDBAA}.Release|x86.ActiveCfg = Release|Any CPU
		{1F423059-B799-4E15-870A-63E9B5DBDBAA}.Release|x86.Build.0 = Release|Any CPU
		{9E3DBCBA-7B84-449C-80D6-61686C60B9CB}.Debug|Any CPU.ActiveCfg = Debug|Any CPU
		{9E3DBCBA-7B84-449C-80D6-61686C60B9CB}.Debug|Any CPU.Build.0 = Debug|Any CPU
		{9E3DBCBA-7B84-449C-80D6-61686C60B9CB}.Debug|TwinCAT HMI.ActiveCfg = Debug|Any CPU
		{9E3DBCBA-7B84-449C-80D6-61686C60B9CB}.Debug|TwinCAT HMI.Build.0 = Debug|Any CPU
		{9E3DBCBA-7B84-449C-80D6-61686C60B9CB}.Debug|TwinCAT OS (ARMV7-A).ActiveCfg = Debug|Any CPU
		{9E3DBCBA-7B84-449C-80D6-61686C60B9CB}.Debug|TwinCAT OS (ARMV7-A).Build.0 = Debug|Any CPU
		{9E3DBCBA-7B84-449C-80D6-61686C60B9CB}.Debug|TwinCAT OS (ARMV7-M).ActiveCfg = Debug|Any CPU
		{9E3DBCBA-7B84-449C-80D6-61686C60B9CB}.Debug|TwinCAT OS (ARMV7-M).Build.0 = Debug|Any CPU
		{9E3DBCBA-7B84-449C-80D6-61686C60B9CB}.Debug|TwinCAT OS (ARMV8-A).ActiveCfg = Debug|Any CPU
		{9E3DBCBA-7B84-449C-80D6-61686C60B9CB}.Debug|TwinCAT OS (ARMV8-A).Build.0 = Debug|Any CPU
		{9E3DBCBA-7B84-449C-80D6-61686C60B9CB}.Debug|TwinCAT OS (x64).ActiveCfg = Debug|Any CPU
		{9E3DBCBA-7B84-449C-80D6-61686C60B9CB}.Debug|TwinCAT OS (x64).Build.0 = Debug|Any CPU
		{9E3DBCBA-7B84-449C-80D6-61686C60B9CB}.Debug|TwinCAT OS (x64-E).ActiveCfg = Debug|Any CPU
		{9E3DBCBA-7B84-449C-80D6-61686C60B9CB}.Debug|TwinCAT OS (x64-E).Build.0 = Debug|Any CPU
		{9E3DBCBA-7B84-449C-80D6-61686C60B9CB}.Debug|TwinCAT RT (x64).ActiveCfg = Debug|Any CPU
		{9E3DBCBA-7B84-449C-80D6-61686C60B9CB}.Debug|TwinCAT RT (x64).Build.0 = Debug|Any CPU
		{9E3DBCBA-7B84-449C-80D6-61686C60B9CB}.Debug|TwinCAT RT (x86).ActiveCfg = Debug|Any CPU
		{9E3DBCBA-7B84-449C-80D6-61686C60B9CB}.Debug|TwinCAT RT (x86).Build.0 = Debug|Any CPU
		{9E3DBCBA-7B84-449C-80D6-61686C60B9CB}.Debug|x64.ActiveCfg = Debug|Any CPU
		{9E3DBCBA-7B84-449C-80D6-61686C60B9CB}.Debug|x64.Build.0 = Debug|Any CPU
		{9E3DBCBA-7B84-449C-80D6-61686C60B9CB}.Debug|x86.ActiveCfg = Debug|Any CPU
		{9E3DBCBA-7B84-449C-80D6-61686C60B9CB}.Debug|x86.Build.0 = Debug|Any CPU
		{9E3DBCBA-7B84-449C-80D6-61686C60B9CB}.Release|Any CPU.ActiveCfg = Release|Any CPU
		{9E3DBCBA-7B84-449C-80D6-61686C60B9CB}.Release|Any CPU.Build.0 = Release|Any CPU
		{9E3DBCBA-7B84-449C-80D6-61686C60B9CB}.Release|TwinCAT HMI.ActiveCfg = Release|Any CPU
		{9E3DBCBA-7B84-449C-80D6-61686C60B9CB}.Release|TwinCAT HMI.Build.0 = Release|Any CPU
		{9E3DBCBA-7B84-449C-80D6-61686C60B9CB}.Release|TwinCAT OS (ARMV7-A).ActiveCfg = Release|Any CPU
		{9E3DBCBA-7B84-449C-80D6-61686C60B9CB}.Release|TwinCAT OS (ARMV7-A).Build.0 = Release|Any CPU
		{9E3DBCBA-7B84-449C-80D6-61686C60B9CB}.Release|TwinCAT OS (ARMV7-M).ActiveCfg = Release|Any CPU
		{9E3DBCBA-7B84-449C-80D6-61686C60B9CB}.Release|TwinCAT OS (ARMV7-M).Build.0 = Release|Any CPU
		{9E3DBCBA-7B84-449C-80D6-61686C60B9CB}.Release|TwinCAT OS (ARMV8-A).ActiveCfg = Release|Any CPU
		{9E3DBCBA-7B84-449C-80D6-61686C60B9CB}.Release|TwinCAT OS (ARMV8-A).Build.0 = Release|Any CPU
		{9E3DBCBA-7B84-449C-80D6-61686C60B9CB}.Release|TwinCAT OS (x64).ActiveCfg = Release|Any CPU
		{9E3DBCBA-7B84-449C-80D6-61686C60B9CB}.Release|TwinCAT OS (x64).Build.0 = Release|Any CPU
		{9E3DBCBA-7B84-449C-80D6-61686C60B9CB}.Release|TwinCAT OS (x64-E).ActiveCfg = Release|Any CPU
		{9E3DBCBA-7B84-449C-80D6-61686C60B9CB}.Release|TwinCAT OS (x64-E).Build.0 = Release|Any CPU
		{9E3DBCBA-7B84-449C-80D6-61686C60B9CB}.Release|TwinCAT RT (x64).ActiveCfg = Release|Any CPU
		{9E3DBCBA-7B84-449C-80D6-61686C60B9CB}.Release|TwinCAT RT (x64).Build.0 = Release|Any CPU
		{9E3DBCBA-7B84-449C-80D6-61686C60B9CB}.Release|TwinCAT RT (x86).ActiveCfg = Release|Any CPU
		{9E3DBCBA-7B84-449C-80D6-61686C60B9CB}.Release|TwinCAT RT (x86).Build.0 = Release|Any CPU
		{9E3DBCBA-7B84-449C-80D6-61686C60B9CB}.Release|x64.ActiveCfg = Release|Any CPU
		{9E3DBCBA-7B84-449C-80D6-61686C60B9CB}.Release|x64.Build.0 = Release|Any CPU
		{9E3DBCBA-7B84-449C-80D6-61686C60B9CB}.Release|x86.ActiveCfg = Release|Any CPU
		{9E3DBCBA-7B84-449C-80D6-61686C60B9CB}.Release|x86.Build.0 = Release|Any CPU
		{453C617F-E6C7-471D-8E9B-DEC72FD423D9}.Debug|Any CPU.ActiveCfg = Debug|Any CPU
		{453C617F-E6C7-471D-8E9B-DEC72FD423D9}.Debug|Any CPU.Build.0 = Debug|Any CPU
		{453C617F-E6C7-471D-8E9B-DEC72FD423D9}.Debug|TwinCAT HMI.ActiveCfg = Debug|Any CPU
		{453C617F-E6C7-471D-8E9B-DEC72FD423D9}.Debug|TwinCAT HMI.Build.0 = Debug|Any CPU
		{453C617F-E6C7-471D-8E9B-DEC72FD423D9}.Debug|TwinCAT OS (ARMV7-A).ActiveCfg = Debug|Any CPU
		{453C617F-E6C7-471D-8E9B-DEC72FD423D9}.Debug|TwinCAT OS (ARMV7-A).Build.0 = Debug|Any CPU
		{453C617F-E6C7-471D-8E9B-DEC72FD423D9}.Debug|TwinCAT OS (ARMV7-M).ActiveCfg = Debug|Any CPU
		{453C617F-E6C7-471D-8E9B-DEC72FD423D9}.Debug|TwinCAT OS (ARMV7-M).Build.0 = Debug|Any CPU
		{453C617F-E6C7-471D-8E9B-DEC72FD423D9}.Debug|TwinCAT OS (ARMV8-A).ActiveCfg = Debug|Any CPU
		{453C617F-E6C7-471D-8E9B-DEC72FD423D9}.Debug|TwinCAT OS (ARMV8-A).Build.0 = Debug|Any CPU
		{453C617F-E6C7-471D-8E9B-DEC72FD423D9}.Debug|TwinCAT OS (x64).ActiveCfg = Debug|Any CPU
		{453C617F-E6C7-471D-8E9B-DEC72FD423D9}.Debug|TwinCAT OS (x64).Build.0 = Debug|Any CPU
		{453C617F-E6C7-471D-8E9B-DEC72FD423D9}.Debug|TwinCAT OS (x64-E).ActiveCfg = Debug|Any CPU
		{453C617F-E6C7-471D-8E9B-DEC72FD423D9}.Debug|TwinCAT OS (x64-E).Build.0 = Debug|Any CPU
		{453C617F-E6C7-471D-8E9B-DEC72FD423D9}.Debug|TwinCAT RT (x64).ActiveCfg = Debug|Any CPU
		{453C617F-E6C7-471D-8E9B-DEC72FD423D9}.Debug|TwinCAT RT (x64).Build.0 = Debug|Any CPU
		{453C617F-E6C7-471D-8E9B-DEC72FD423D9}.Debug|TwinCAT RT (x86).ActiveCfg = Debug|Any CPU
		{453C617F-E6C7-471D-8E9B-DEC72FD423D9}.Debug|TwinCAT RT (x86).Build.0 = Debug|Any CPU
		{453C617F-E6C7-471D-8E9B-DEC72FD423D9}.Debug|x64.ActiveCfg = Debug|Any CPU
		{453C617F-E6C7-471D-8E9B-DEC72FD423D9}.Debug|x64.Build.0 = Debug|Any CPU
		{453C617F-E6C7-471D-8E9B-DEC72FD423D9}.Debug|x86.ActiveCfg = Debug|Any CPU
		{453C617F-E6C7-471D-8E9B-DEC72FD423D9}.Debug|x86.Build.0 = Debug|Any CPU
		{453C617F-E6C7-471D-8E9B-DEC72FD423D9}.Release|Any CPU.ActiveCfg = Release|Any CPU
		{453C617F-E6C7-471D-8E9B-DEC72FD423D9}.Release|Any CPU.Build.0 = Release|Any CPU
		{453C617F-E6C7-471D-8E9B-DEC72FD423D9}.Release|TwinCAT HMI.ActiveCfg = Release|Any CPU
		{453C617F-E6C7-471D-8E9B-DEC72FD423D9}.Release|TwinCAT HMI.Build.0 = Release|Any CPU
		{453C617F-E6C7-471D-8E9B-DEC72FD423D9}.Release|TwinCAT OS (ARMV7-A).ActiveCfg = Release|Any CPU
		{453C617F-E6C7-471D-8E9B-DEC72FD423D9}.Release|TwinCAT OS (ARMV7-A).Build.0 = Release|Any CPU
		{453C617F-E6C7-471D-8E9B-DEC72FD423D9}.Release|TwinCAT OS (ARMV7-M).ActiveCfg = Release|Any CPU
		{453C617F-E6C7-471D-8E9B-DEC72FD423D9}.Release|TwinCAT OS (ARMV7-M).Build.0 = Release|Any CPU
		{453C617F-E6C7-471D-8E9B-DEC72FD423D9}.Release|TwinCAT OS (ARMV8-A).ActiveCfg = Release|Any CPU
		{453C617F-E6C7-471D-8E9B-DEC72FD423D9}.Release|TwinCAT OS (ARMV8-A).Build.0 = Release|Any CPU
		{453C617F-E6C7-471D-8E9B-DEC72FD423D9}.Release|TwinCAT OS (x64).ActiveCfg = Release|Any CPU
		{453C617F-E6C7-471D-8E9B-DEC72FD423D9}.Release|TwinCAT OS (x64).Build.0 = Release|Any CPU
		{453C617F-E6C7-471D-8E9B-DEC72FD423D9}.Release|TwinCAT OS (x64-E).ActiveCfg = Release|Any CPU
		{453C617F-E6C7-471D-8E9B-DEC72FD423D9}.Release|TwinCAT OS (x64-E).Build.0 = Release|Any CPU
		{453C617F-E6C7-471D-8E9B-DEC72FD423D9}.Release|TwinCAT RT (x64).ActiveCfg = Release|Any CPU
		{453C617F-E6C7-471D-8E9B-DEC72FD423D9}.Release|TwinCAT RT (x64).Build.0 = Release|Any CPU
		{453C617F-E6C7-471D-8E9B-DEC72FD423D9}.Release|TwinCAT RT (x86).ActiveCfg = Release|Any CPU
		{453C617F-E6C7-471D-8E9B-DEC72FD423D9}.Release|TwinCAT RT (x86).Build.0 = Release|Any CPU
		{453C617F-E6C7-471D-8E9B-DEC72FD423D9}.Release|x64.ActiveCfg = Release|Any CPU
		{453C617F-E6C7-471D-8E9B-DEC72FD423D9}.Release|x64.Build.0 = Release|Any CPU
		{453C617F-E6C7-471D-8E9B-DEC72FD423D9}.Release|x86.ActiveCfg = Release|Any CPU
		{453C617F-E6C7-471D-8E9B-DEC72FD423D9}.Release|x86.Build.0 = Release|Any CPU
		{E747F813-38C0-4553-9EF5-2D5A60164E09}.Debug|Any CPU.ActiveCfg = Debug|TwinCAT RT (x64)
		{E747F813-38C0-4553-9EF5-2D5A60164E09}.Debug|Any CPU.Build.0 = Debug|TwinCAT RT (x64)
		{E747F813-38C0-4553-9EF5-2D5A60164E09}.Debug|TwinCAT HMI.ActiveCfg = Debug|TwinCAT RT (x64)
		{E747F813-38C0-4553-9EF5-2D5A60164E09}.Debug|TwinCAT HMI.Build.0 = Debug|TwinCAT RT (x64)
		{E747F813-38C0-4553-9EF5-2D5A60164E09}.Debug|TwinCAT OS (ARMV7-A).ActiveCfg = Debug|TwinCAT OS (ARMV7-A)
		{E747F813-38C0-4553-9EF5-2D5A60164E09}.Debug|TwinCAT OS (ARMV7-A).Build.0 = Debug|TwinCAT OS (ARMV7-A)
		{E747F813-38C0-4553-9EF5-2D5A60164E09}.Debug|TwinCAT OS (ARMV7-M).ActiveCfg = Debug|TwinCAT OS (ARMV7-M)
		{E747F813-38C0-4553-9EF5-2D5A60164E09}.Debug|TwinCAT OS (ARMV7-M).Build.0 = Debug|TwinCAT OS (ARMV7-M)
		{E747F813-38C0-4553-9EF5-2D5A60164E09}.Debug|TwinCAT OS (ARMV8-A).ActiveCfg = Debug|TwinCAT OS (ARMV8-A)
		{E747F813-38C0-4553-9EF5-2D5A60164E09}.Debug|TwinCAT OS (ARMV8-A).Build.0 = Debug|TwinCAT OS (ARMV8-A)
		{E747F813-38C0-4553-9EF5-2D5A60164E09}.Debug|TwinCAT OS (x64).ActiveCfg = Debug|TwinCAT OS (x64)
		{E747F813-38C0-4553-9EF5-2D5A60164E09}.Debug|TwinCAT OS (x64).Build.0 = Debug|TwinCAT OS (x64)
		{E747F813-38C0-4553-9EF5-2D5A60164E09}.Debug|TwinCAT OS (x64-E).ActiveCfg = Debug|TwinCAT OS (x64-E)
		{E747F813-38C0-4553-9EF5-2D5A60164E09}.Debug|TwinCAT OS (x64-E).Build.0 = Debug|TwinCAT OS (x64-E)
		{E747F813-38C0-4553-9EF5-2D5A60164E09}.Debug|TwinCAT RT (x64).ActiveCfg = Debug|TwinCAT RT (x64)
		{E747F813-38C0-4553-9EF5-2D5A60164E09}.Debug|TwinCAT RT (x64).Build.0 = Debug|TwinCAT RT (x64)
		{E747F813-38C0-4553-9EF5-2D5A60164E09}.Debug|TwinCAT RT (x86).ActiveCfg = Debug|TwinCAT RT (x86)
		{E747F813-38C0-4553-9EF5-2D5A60164E09}.Debug|TwinCAT RT (x86).Build.0 = Debug|TwinCAT RT (x86)
		{E747F813-38C0-4553-9EF5-2D5A60164E09}.Debug|x64.ActiveCfg = Debug|TwinCAT RT (x64)
		{E747F813-38C0-4553-9EF5-2D5A60164E09}.Debug|x64.Build.0 = Debug|TwinCAT RT (x64)
		{E747F813-38C0-4553-9EF5-2D5A60164E09}.Debug|x86.ActiveCfg = Debug|TwinCAT RT (x64)
		{E747F813-38C0-4553-9EF5-2D5A60164E09}.Debug|x86.Build.0 = Debug|TwinCAT RT (x64)
		{E747F813-38C0-4553-9EF5-2D5A60164E09}.Release|Any CPU.ActiveCfg = Release|TwinCAT RT (x64)
		{E747F813-38C0-4553-9EF5-2D5A60164E09}.Release|Any CPU.Build.0 = Release|TwinCAT RT (x64)
		{E747F813-38C0-4553-9EF5-2D5A60164E09}.Release|TwinCAT HMI.ActiveCfg = Release|TwinCAT RT (x64)
		{E747F813-38C0-4553-9EF5-2D5A60164E09}.Release|TwinCAT HMI.Build.0 = Release|TwinCAT RT (x64)
		{E747F813-38C0-4553-9EF5-2D5A60164E09}.Release|TwinCAT OS (ARMV7-A).ActiveCfg = Release|TwinCAT OS (ARMV7-A)
		{E747F813-38C0-4553-9EF5-2D5A60164E09}.Release|TwinCAT OS (ARMV7-A).Build.0 = Release|TwinCAT OS (ARMV7-A)
		{E747F813-38C0-4553-9EF5-2D5A60164E09}.Release|TwinCAT OS (ARMV7-M).ActiveCfg = Release|TwinCAT OS (ARMV7-M)
		{E747F813-38C0-4553-9EF5-2D5A60164E09}.Release|TwinCAT OS (ARMV7-M).Build.0 = Release|TwinCAT OS (ARMV7-M)
		{E747F813-38C0-4553-9EF5-2D5A60164E09}.Release|TwinCAT OS (ARMV8-A).ActiveCfg = Release|TwinCAT OS (ARMV8-A)
		{E747F813-38C0-4553-9EF5-2D5A60164E09}.Release|TwinCAT OS (ARMV8-A).Build.0 = Release|TwinCAT OS (ARMV8-A)
		{E747F813-38C0-4553-9EF5-2D5A60164E09}.Release|TwinCAT OS (x64).ActiveCfg = Release|TwinCAT OS (x64)
		{E747F813-38C0-4553-9EF5-2D5A60164E09}.Release|TwinCAT OS (x64).Build.0 = Release|TwinCAT OS (x64)
		{E747F813-38C0-4553-9EF5-2D5A60164E09}.Release|TwinCAT OS (x64-E).ActiveCfg = Release|TwinCAT OS (x64-E)
		{E747F813-38C0-4553-9EF5-2D5A60164E09}.Release|TwinCAT OS (x64-E).Build.0 = Release|TwinCAT OS (x64-E)
		{E747F813-38C0-4553-9EF5-2D5A60164E09}.Release|TwinCAT RT (x64).ActiveCfg = Release|TwinCAT RT (x64)
		{E747F813-38C0-4553-9EF5-2D5A60164E09}.Release|TwinCAT RT (x64).Build.0 = Release|TwinCAT RT (x64)
		{E747F813-38C0-4553-9EF5-2D5A60164E09}.Release|TwinCAT RT (x86).ActiveCfg = Release|TwinCAT RT (x86)
		{E747F813-38C0-4553-9EF5-2D5A60164E09}.Release|TwinCAT RT (x86).Build.0 = Release|TwinCAT RT (x86)
		{E747F813-38C0-4553-9EF5-2D5A60164E09}.Release|x64.ActiveCfg = Release|TwinCAT RT (x64)
		{E747F813-38C0-4553-9EF5-2D5A60164E09}.Release|x64.Build.0 = Release|TwinCAT RT (x64)
		{E747F813-38C0-4553-9EF5-2D5A60164E09}.Release|x86.ActiveCfg = Release|TwinCAT RT (x64)
		{E747F813-38C0-4553-9EF5-2D5A60164E09}.Release|x86.Build.0 = Release|TwinCAT RT (x64)
	EndGlobalSection
	GlobalSection(SolutionProperties) = preSolution
		HideSolutionNode = FALSE
	EndGlobalSection
	GlobalSection(ExtensibilityGlobals) = postSolution
		SolutionGuid = {418910F6-EA0D-402C-86E8-4467F05B3AB9}
	EndGlobalSection
EndGlobal
